
Microsoft Visual Studio Solution File, Format Version 12.00
# Visual Studio Version 16
VisualStudioVersion = 16.0.30204.135
MinimumVisualStudioVersion = 10.0.40219.1
Project("{FAE04EC0-301F-11D3-BF4B-00C04F79EFBC}") = "BIC", "BIC\BIC.csproj", "{9C27403B-0F03-488B-8FE5-A59CDAC1EEA7}"
EndProject
Project("{FAE04EC0-301F-11D3-BF4B-00C04F79EFBC}") = "BIC.DataAccess", "BIC.DataAccess\BIC.DataAccess.csproj", "{7E5FECCE-3840-4B4B-BE68-A52D6F4687C8}"
EndProject
Project("{FAE04EC0-301F-11D3-BF4B-00C04F79EFBC}") = "BIC.Models", "BIC.Models\BIC.Models.csproj", "{5E001271-28C0-47B5-A5F4-EEFC1CAA51E1}"
EndProject
Project("{FAE04EC0-301F-11D3-BF4B-00C04F79EFBC}") = "BIC.Utility", "BIC.Utility\BIC.Utility.csproj", "{7D0EDBB2-4125-4A02-9801-51FE19AA573E}"
EndProject
Global
	GlobalSection(SolutionConfigurationPlatforms) = preSolution
		Debug|Any CPU = Debug|Any CPU
		Release|Any CPU = Release|Any CPU
	EndGlobalSection
	GlobalSection(ProjectConfigurationPlatforms) = postSolution
		{9C27403B-0F03-488B-8FE5-A59CDAC1EEA7}.Debug|Any CPU.ActiveCfg = Debug|Any CPU
		{9C27403B-0F03-488B-8FE5-A59CDAC1EEA7}.Debug|Any CPU.Build.0 = Debug|Any CPU
		{9C27403B-0F03-488B-8FE5-A59CDAC1EEA7}.Release|Any CPU.ActiveCfg = Release|Any CPU
		{9C27403B-0F03-488B-8FE5-A59CDAC1EEA7}.Release|Any CPU.Build.0 = Release|Any CPU
		{7E5FECCE-3840-4B4B-BE68-A52D6F4687C8}.Debug|Any CPU.ActiveCfg = Debug|Any CPU
		{7E5FECCE-3840-4B4B-BE68-A52D6F4687C8}.Debug|Any CPU.Build.0 = Debug|Any CPU
		{7E5FECCE-3840-4B4B-BE68-A52D6F4687C8}.Release|Any CPU.ActiveCfg = Release|Any CPU
		{7E5FECCE-3840-4B4B-BE68-A52D6F4687C8}.Release|Any CPU.Build.0 = Release|Any CPU
		{5E001271-28C0-47B5-A5F4-EEFC1CAA51E1}.Debug|Any CPU.ActiveCfg = Debug|Any CPU
		{5E001271-28C0-47B5-A5F4-EEFC1CAA51E1}.Debug|Any CPU.Build.0 = Debug|Any CPU
		{5E001271-28C0-47B5-A5F4-EEFC1CAA51E1}.Release|Any CPU.ActiveCfg = Release|Any CPU
		{5E001271-28C0-47B5-A5F4-EEFC1CAA51E1}.Release|Any CPU.Build.0 = Release|Any CPU
		{7D0EDBB2-4125-4A02-9801-51FE19AA573E}.Debug|Any CPU.ActiveCfg = Debug|Any CPU
		{7D0EDBB2-4125-4A02-9801-51FE19AA573E}.Debug|Any CPU.Build.0 = Debug|Any CPU
		{7D0EDBB2-4125-4A02-9801-51FE19AA573E}.Release|Any CPU.ActiveCfg = Release|Any CPU
		{7D0EDBB2-4125-4A02-9801-51FE19AA573E}.Release|Any CPU.Build.0 = Release|Any CPU
	EndGlobalSection
	GlobalSection(SolutionProperties) = preSolution
		HideSolutionNode = FALSE
	EndGlobalSection
	GlobalSection(ExtensibilityGlobals) = postSolution
		SolutionGuid = {615CEB47-0D1B-4FDE-8936-7AD4E58C8B90}
	EndGlobalSection
EndGlobal
